
Microsoft Visual Studio Solution File, Format Version 12.00
# Visual Studio Version 16
VisualStudioVersion = 16.0.31424.327
MinimumVisualStudioVersion = 10.0.40219.1
Project("{FAE04EC0-301F-11D3-BF4B-00C04F79EFBC}") = "FunctionApp1221", "FunctionApp06122021\FunctionApp1221.csproj", "{82F0FC14-EE27-4FB7-9836-04B2EE4BAAB7}"
EndProject
Global
	GlobalSection(SolutionConfigurationPlatforms) = preSolution
		Debug|Any CPU = Debug|Any CPU
		Release|Any CPU = Release|Any CPU
	EndGlobalSection
	GlobalSection(ProjectConfigurationPlatforms) = postSolution
		{82F0FC14-EE27-4FB7-9836-04B2EE4BAAB7}.Debug|Any CPU.ActiveCfg = Debug|Any CPU
		{82F0FC14-EE27-4FB7-9836-04B2EE4BAAB7}.Debug|Any CPU.Build.0 = Debug|Any CPU
		{82F0FC14-EE27-4FB7-9836-04B2EE4BAAB7}.Release|Any CPU.ActiveCfg = Release|Any CPU
		{82F0FC14-EE27-4FB7-9836-04B2EE4BAAB7}.Release|Any CPU.Build.0 = Release|Any CPU
	EndGlobalSection
	GlobalSection(SolutionProperties) = preSolution
		HideSolutionNode = FALSE
	EndGlobalSection
	GlobalSection(ExtensibilityGlobals) = postSolution
		SolutionGuid = {5F0DC377-7A61-45AF-85D1-C407E922AFDF}
	EndGlobalSection
EndGlobal
